{
  "version": 4,
  "terraform_version": "1.11.4",
  "serial": 29,
  "lineage": "22460922-0aeb-b779-b4e7-dd63dffbffaa",
  "outputs": {},
  "resources": [
    {
      "mode": "data",
      "type": "newrelic_entity",
      "name": "app",
      "provider": "provider[\"registry.terraform.io/newrelic/newrelic\"]",
      "instances": [
        {
          "schema_version": 0,
          "attributes": {
            "account_id": 6572468,
            "application_id": 515583865,
            "domain": "APM",
            "entity_tags": "[{\"key\":\"account\",\"values\":[\"Account 6572468\"]},{\"key\":\"accountId\",\"values\":[\"6572468\"]},{\"key\":\"agentVersion\",\"values\":[\"9.18.0\"]},{\"key\":\"instrumentation.name\",\"values\":[\"apm\"]},{\"key\":\"instrumentation.provider\",\"values\":[\"newRelic\"]},{\"key\":\"language\",\"values\":[\"ruby\"]},{\"key\":\"nr.logAccountId\",\"values\":[\"6572468\"]},{\"key\":\"nr.logEventType\",\"values\":[\"Log\"]},{\"key\":\"nr.tracing\",\"values\":[\"standard\"]},{\"key\":\"osRuntime\",\"values\":[\"docker\"]},{\"key\":\"trustedAccountId\",\"values\":[\"6572468\"]}]",
            "guid": "NjU3MjQ2OHxBUE18QVBQTElDQVRJT058NTE1NTgzODY1",
            "id": "NjU3MjQ2OHxBUE18QVBQTElDQVRJT058NTE1NTgzODY1",
            "ignore_case": false,
            "ignore_not_found": false,
            "name": "rails_api_base - development",
            "serving_apm_application_id": null,
            "tag": null,
            "type": "APPLICATION"
          },
          "sensitive_attributes": []
        }
      ]
    },
    {
      "mode": "managed",
      "type": "newrelic_alert_policy",
      "name": "golden_metrics_policy",
      "provider": "provider[\"registry.terraform.io/newrelic/newrelic\"]",
      "instances": [
        {
          "schema_version": 0,
          "attributes": {
            "account_id": 6572468,
            "channel_ids": null,
            "id": "6244865",
            "incident_preference": "PER_POLICY",
            "name": "Golden Signals - rails_api_base - development"
          },
          "sensitive_attributes": [],
          "private": "bnVsbA==",
          "dependencies": [
            "data.newrelic_entity.app"
          ]
        }
      ]
    },
    {
      "mode": "managed",
      "type": "newrelic_notification_channel",
      "name": "team_email_channel",
      "provider": "provider[\"registry.terraform.io/newrelic/newrelic\"]",
      "instances": [
        {
          "schema_version": 0,
          "attributes": {
            "account_id": 6572468,
            "active": true,
            "destination_id": "6b854383-0902-4581-a1c1-93446b807cb3",
            "id": "e96ada53-aa67-42db-8d19-31084385e26e",
            "name": "email-example",
            "product": "IINT",
            "property": [
              {
                "display_value": "",
                "key": "source",
                "label": "terraform-source-internal",
                "value": "terraform"
              },
              {
                "display_value": "",
                "key": "subject",
                "label": "",
                "value": "New Alert"
              }
            ],
            "status": "DEFAULT",
            "timeouts": null,
            "type": "EMAIL"
          },
          "sensitive_attributes": [],
          "private": "eyJlMmJmYjczMC1lY2FhLTExZTYtOGY4OC0zNDM2M2JjN2M0YzAiOnsiY3JlYXRlIjoxNjAwMDAwMDAwMCwidXBkYXRlIjoxNjAwMDAwMDAwMH19",
          "dependencies": [
            "newrelic_notification_destination.team_email_destination"
          ]
        }
      ]
    },
    {
      "mode": "managed",
      "type": "newrelic_notification_destination",
      "name": "team_email_destination",
      "provider": "provider[\"registry.terraform.io/newrelic/newrelic\"]",
      "instances": [
        {
          "schema_version": 1,
          "attributes": {
            "account_id": 6572468,
            "active": true,
            "auth_basic": [],
            "auth_custom_header": [],
            "auth_token": [],
            "guid": "NjU3MjQ2OHxBSU9QU3xERVNUSU5BVElPTnw2Yjg1NDM4My0wOTAyLTQ1ODEtYTFjMS05MzQ0NmI4MDdjYjM",
            "id": "6b854383-0902-4581-a1c1-93446b807cb3",
            "last_sent": "",
            "name": "email-notification",
            "property": [
              {
                "display_value": "",
                "key": "email",
                "label": "",
                "value": "julian.pasquale@rootstrap.com,ignacio.perez@rootstrap.com"
              },
              {
                "display_value": "",
                "key": "source",
                "label": "terraform-source-internal",
                "value": "terraform"
              }
            ],
            "secure_url": [],
            "status": "DEFAULT",
            "timeouts": null,
            "type": "EMAIL"
          },
          "sensitive_attributes": [],
          "private": "eyJlMmJmYjczMC1lY2FhLTExZTYtOGY4OC0zNDM2M2JjN2M0YzAiOnsiY3JlYXRlIjoxNjAwMDAwMDAwMCwidXBkYXRlIjoxNjAwMDAwMDAwMH0sInNjaGVtYV92ZXJzaW9uIjoiMSJ9"
        }
      ]
    },
    {
      "mode": "managed",
      "type": "newrelic_nrql_alert_condition",
      "name": "error_rate",
      "provider": "provider[\"registry.terraform.io/newrelic/newrelic\"]",
      "instances": [
        {
          "schema_version": 0,
          "attributes": {
            "account_id": 6572468,
            "aggregation_delay": "120",
            "aggregation_method": "event_flow",
            "aggregation_timer": null,
            "aggregation_window": 60,
            "baseline_direction": null,
            "close_violations_on_expiration": false,
            "critical": [
              {
                "duration": 0,
                "operator": "above",
                "prediction": [],
                "threshold": 5,
                "threshold_duration": 60,
                "threshold_occurrences": "all",
                "time_function": ""
              }
            ],
            "description": "",
            "enabled": true,
            "entity_guid": "NjU3MjQ2OHxBSU9QU3xDT05ESVRJT058NTE3OTIzNTE",
            "evaluation_delay": null,
            "expiration_duration": 0,
            "fill_option": "none",
            "fill_value": 0,
            "id": "6244865:51792351",
            "ignore_on_expected_termination": false,
            "name": "High Error Rate",
            "nrql": [
              {
                "data_account_id": 6572468,
                "evaluation_offset": 0,
                "query": "FROM Transaction SELECT percentage(count(*), WHERE error IS true) AS 'error_rate' WHERE appName = 'rails_api_base - development'",
                "since_value": ""
              }
            ],
            "open_violation_on_expiration": false,
            "policy_id": 6244865,
            "runbook_url": "",
            "signal_seasonality": null,
            "slide_by": null,
            "term": [],
            "timeouts": null,
            "title_template": "",
            "type": "static",
            "violation_time_limit": "NON_MATCHABLE_LIMIT_VALUE",
            "violation_time_limit_seconds": 259200,
            "warning": []
          },
          "sensitive_attributes": [],
          "private": "eyJlMmJmYjczMC1lY2FhLTExZTYtOGY4OC0zNDM2M2JjN2M0YzAiOnsiY3JlYXRlIjozMDAwMDAwMDAwMH19",
          "dependencies": [
            "data.newrelic_entity.app",
            "newrelic_alert_policy.golden_metrics_policy"
          ]
        }
      ]
    },
    {
      "mode": "managed",
      "type": "newrelic_nrql_alert_condition",
      "name": "exceptions",
      "provider": "provider[\"registry.terraform.io/newrelic/newrelic\"]",
      "instances": [
        {
          "schema_version": 0,
          "attributes": {
            "account_id": 6572468,
            "aggregation_delay": "120",
            "aggregation_method": "event_flow",
            "aggregation_timer": null,
            "aggregation_window": 60,
            "baseline_direction": null,
            "close_violations_on_expiration": false,
            "critical": [
              {
                "duration": 0,
                "operator": "above",
                "prediction": [],
                "threshold": 1,
                "threshold_duration": 60,
                "threshold_occurrences": "all",
                "time_function": ""
              }
            ],
            "description": "",
            "enabled": true,
            "entity_guid": "NjU3MjQ2OHxBSU9QU3xDT05ESVRJT058NTE5NzUwOTU",
            "evaluation_delay": null,
            "expiration_duration": 0,
            "fill_option": "none",
            "fill_value": 0,
            "id": "6244865:51975095",
            "ignore_on_expected_termination": false,
            "name": "Exceptions Detected",
            "nrql": [
              {
                "data_account_id": 6572468,
                "evaluation_offset": 0,
                "query": "FROM TransactionError SELECT count(*), latest(message) as 'Error Message', latest(error.class) as 'Error Class', latest(transactionName) as 'Transaction', latest(request.uri) as 'URI' WHERE appName = 'rails_api_base - development'",
                "since_value": ""
              }
            ],
            "open_violation_on_expiration": false,
            "policy_id": 6244865,
            "runbook_url": "",
            "signal_seasonality": null,
            "slide_by": null,
            "term": [],
            "timeouts": null,
            "title_template": "",
            "type": "static",
            "violation_time_limit": "NON_MATCHABLE_LIMIT_VALUE",
            "violation_time_limit_seconds": 259200,
            "warning": []
          },
          "sensitive_attributes": [],
          "private": "eyJlMmJmYjczMC1lY2FhLTExZTYtOGY4OC0zNDM2M2JjN2M0YzAiOnsiY3JlYXRlIjozMDAwMDAwMDAwMH19",
          "dependencies": [
            "data.newrelic_entity.app",
            "newrelic_alert_policy.golden_metrics_policy"
          ]
        }
      ]
    },
    {
      "mode": "managed",
      "type": "newrelic_nrql_alert_condition",
      "name": "low_throughput",
      "provider": "provider[\"registry.terraform.io/newrelic/newrelic\"]",
      "instances": [
        {
          "schema_version": 0,
          "attributes": {
            "account_id": 6572468,
            "aggregation_delay": "120",
            "aggregation_method": "event_flow",
            "aggregation_timer": null,
            "aggregation_window": 60,
            "baseline_direction": null,
            "close_violations_on_expiration": false,
            "critical": [
              {
                "duration": 0,
                "operator": "below",
                "prediction": [],
                "threshold": 1,
                "threshold_duration": 300,
                "threshold_occurrences": "all",
                "time_function": ""
              }
            ],
            "description": "",
            "enabled": true,
            "entity_guid": "NjU3MjQ2OHxBSU9QU3xDT05ESVRJT058NTE3OTIzNTA",
            "evaluation_delay": null,
            "expiration_duration": 0,
            "fill_option": "none",
            "fill_value": 0,
            "id": "6244865:51792350",
            "ignore_on_expected_termination": false,
            "name": "Low Throughput",
            "nrql": [
              {
                "data_account_id": 6572468,
                "evaluation_offset": 0,
                "query": "FROM Transaction SELECT rate(count(*), 1 minute) WHERE appName = 'rails_api_base - development'",
                "since_value": ""
              }
            ],
            "open_violation_on_expiration": false,
            "policy_id": 6244865,
            "runbook_url": "",
            "signal_seasonality": null,
            "slide_by": null,
            "term": [],
            "timeouts": null,
            "title_template": "",
            "type": "static",
            "violation_time_limit": "NON_MATCHABLE_LIMIT_VALUE",
            "violation_time_limit_seconds": 259200,
            "warning": []
          },
          "sensitive_attributes": [],
          "private": "eyJlMmJmYjczMC1lY2FhLTExZTYtOGY4OC0zNDM2M2JjN2M0YzAiOnsiY3JlYXRlIjozMDAwMDAwMDAwMH19",
          "dependencies": [
            "data.newrelic_entity.app",
            "newrelic_alert_policy.golden_metrics_policy"
          ]
        }
      ]
    },
    {
      "mode": "managed",
      "type": "newrelic_nrql_alert_condition",
      "name": "response_time_alert",
      "provider": "provider[\"registry.terraform.io/newrelic/newrelic\"]",
      "instances": [
        {
          "schema_version": 0,
          "attributes": {
            "account_id": 6572468,
            "aggregation_delay": "120",
            "aggregation_method": "event_flow",
            "aggregation_timer": null,
            "aggregation_window": 60,
            "baseline_direction": null,
            "close_violations_on_expiration": false,
            "critical": [
              {
                "duration": 0,
                "operator": "above",
                "prediction": [],
                "threshold": 5,
                "threshold_duration": 300,
                "threshold_occurrences": "all",
                "time_function": ""
              }
            ],
            "description": "High Transaction Response Time",
            "enabled": true,
            "entity_guid": "NjU3MjQ2OHxBSU9QU3xDT05ESVRJT058NTE3OTI1NTI",
            "evaluation_delay": null,
            "expiration_duration": 0,
            "fill_option": "none",
            "fill_value": 0,
            "id": "6244865:51792552",
            "ignore_on_expected_termination": false,
            "name": "Response Time - rails_api_base - development",
            "nrql": [
              {
                "data_account_id": 6572468,
                "evaluation_offset": 0,
                "query": "SELECT filter(average(newrelic.timeslice.value), WHERE metricTimesliceName = 'HttpDispatcher') OR 0 FROM Metric WHERE appId IN (515583865) AND metricTimesliceName IN ('HttpDispatcher', 'Agent/MetricsReported/count')",
                "since_value": ""
              }
            ],
            "open_violation_on_expiration": false,
            "policy_id": 6244865,
            "runbook_url": "",
            "signal_seasonality": null,
            "slide_by": null,
            "term": [],
            "timeouts": null,
            "title_template": "",
            "type": "static",
            "violation_time_limit": "ONE_HOUR",
            "violation_time_limit_seconds": 3600,
            "warning": []
          },
          "sensitive_attributes": [],
          "private": "eyJlMmJmYjczMC1lY2FhLTExZTYtOGY4OC0zNDM2M2JjN2M0YzAiOnsiY3JlYXRlIjozMDAwMDAwMDAwMH19",
          "dependencies": [
            "data.newrelic_entity.app",
            "newrelic_alert_policy.golden_metrics_policy"
          ]
        }
      ]
    },
    {
      "mode": "managed",
      "type": "newrelic_workflow",
      "name": "team_workflow",
      "provider": "provider[\"registry.terraform.io/newrelic/newrelic\"]",
      "instances": [
        {
          "schema_version": 1,
          "attributes": {
            "account_id": 6572468,
            "destination": [
              {
                "channel_id": "e96ada53-aa67-42db-8d19-31084385e26e",
                "name": "email-example",
                "notification_triggers": [
                  "ACKNOWLEDGED",
                  "ACTIVATED",
                  "CLOSED"
                ],
                "type": "EMAIL",
                "update_original_message": true
              }
            ],
            "destinations_enabled": true,
            "enabled": true,
            "enrichments": [],
            "enrichments_enabled": true,
            "guid": "NjU3MjQ2OHxBSU9QU3xXT1JLRkxPV3wwZDhlYmZiZC1mZWY0LTRiZjgtYTg5My1lNTA5M2NlODQ3OWI",
            "id": "0d8ebfbd-fef4-4bf8-a893-e5093ce8479b",
            "issues_filter": [
              {
                "filter_id": "f9913086-029e-46a0-b465-3f1488eaa7dc",
                "name": "filter-example",
                "predicate": [
                  {
                    "attribute": "accumulations.policyName",
                    "operator": "EXACTLY_MATCHES",
                    "values": [
                      "Golden Signals - rails_api_base - development"
                    ]
                  }
                ],
                "type": "FILTER"
              }
            ],
            "last_run": "2025-05-20T18:32:12.905Z",
            "muting_rules_handling": "NOTIFY_ALL_ISSUES",
            "name": "workflow-example",
            "workflow_id": "0d8ebfbd-fef4-4bf8-a893-e5093ce8479b"
          },
          "sensitive_attributes": [],
          "private": "eyJzY2hlbWFfdmVyc2lvbiI6IjEifQ==",
          "dependencies": [
            "data.newrelic_entity.app",
            "newrelic_alert_policy.golden_metrics_policy",
            "newrelic_notification_channel.team_email_channel",
            "newrelic_notification_destination.team_email_destination"
          ]
        }
      ]
    }
  ],
  "check_results": null
}
