# THIS IS AN AUTOGENERATED FILE. DO NOT EDIT THIS FILE DIRECTLY.
# yarn lockfile v1


"@activeadmin/activeadmin@3.1.0":
  version "3.1.0"
  resolved "https://registry.yarnpkg.com/@activeadmin/activeadmin/-/activeadmin-3.1.0.tgz#db3d6179ff55668d667c0139f85ed09399d8f6e3"
  integrity sha512-BWKQGs5H5VHvo47Wje5aNEnir85/TnKL2jqshCsXUhwoFCm3OyqM7Tu2yeS0E2h32QAwbCO9HPLf5hIzVSYJ2A==
  dependencies:
    jquery "^3.4.1"
    jquery-ui "^1.12.1"
    jquery-ujs "^1.2.2"

"@esbuild/android-arm64@0.19.5":
  version "0.19.5"
  resolved "https://registry.yarnpkg.com/@esbuild/android-arm64/-/android-arm64-0.19.5.tgz#276c5f99604054d3dbb733577e09adae944baa90"
  integrity sha512-5d1OkoJxnYQfmC+Zd8NBFjkhyCNYwM4n9ODrycTFY6Jk1IGiZ+tjVJDDSwDt77nK+tfpGP4T50iMtVi4dEGzhQ==

"@esbuild/android-arm@0.19.5":
  version "0.19.5"
  resolved "https://registry.yarnpkg.com/@esbuild/android-arm/-/android-arm-0.19.5.tgz#4a3cbf14758166abaae8ba9c01a80e68342a4eec"
  integrity sha512-bhvbzWFF3CwMs5tbjf3ObfGqbl/17ict2/uwOSfr3wmxDE6VdS2GqY/FuzIPe0q0bdhj65zQsvqfArI9MY6+AA==

"@esbuild/android-x64@0.19.5":
  version "0.19.5"
  resolved "https://registry.yarnpkg.com/@esbuild/android-x64/-/android-x64-0.19.5.tgz#21a3d11cd4613d2d3c5ccb9e746c254eb9265b0a"
  integrity sha512-9t+28jHGL7uBdkBjL90QFxe7DVA+KGqWlHCF8ChTKyaKO//VLuoBricQCgwhOjA1/qOczsw843Fy4cbs4H3DVA==

"@esbuild/darwin-arm64@0.19.5":
  version "0.19.5"
  resolved "https://registry.yarnpkg.com/@esbuild/darwin-arm64/-/darwin-arm64-0.19.5.tgz#714cb839f467d6a67b151ee8255886498e2b9bf6"
  integrity sha512-mvXGcKqqIqyKoxq26qEDPHJuBYUA5KizJncKOAf9eJQez+L9O+KfvNFu6nl7SCZ/gFb2QPaRqqmG0doSWlgkqw==

"@esbuild/darwin-x64@0.19.5":
  version "0.19.5"
  resolved "https://registry.yarnpkg.com/@esbuild/darwin-x64/-/darwin-x64-0.19.5.tgz#2c553e97a6d2b4ae76a884e35e6cbab85a990bbf"
  integrity sha512-Ly8cn6fGLNet19s0X4unjcniX24I0RqjPv+kurpXabZYSXGM4Pwpmf85WHJN3lAgB8GSth7s5A0r856S+4DyiA==

"@esbuild/freebsd-arm64@0.19.5":
  version "0.19.5"
  resolved "https://registry.yarnpkg.com/@esbuild/freebsd-arm64/-/freebsd-arm64-0.19.5.tgz#d554f556718adb31917a0da24277bf84b6ee87f3"
  integrity sha512-GGDNnPWTmWE+DMchq1W8Sd0mUkL+APvJg3b11klSGUDvRXh70JqLAO56tubmq1s2cgpVCSKYywEiKBfju8JztQ==

"@esbuild/freebsd-x64@0.19.5":
  version "0.19.5"
  resolved "https://registry.yarnpkg.com/@esbuild/freebsd-x64/-/freebsd-x64-0.19.5.tgz#288f7358a3bb15d99e73c65c9adaa3dabb497432"
  integrity sha512-1CCwDHnSSoA0HNwdfoNY0jLfJpd7ygaLAp5EHFos3VWJCRX9DMwWODf96s9TSse39Br7oOTLryRVmBoFwXbuuQ==

"@esbuild/linux-arm64@0.19.5":
  version "0.19.5"
  resolved "https://registry.yarnpkg.com/@esbuild/linux-arm64/-/linux-arm64-0.19.5.tgz#95933ae86325c93cb6b5e8333d22120ecfdc901b"
  integrity sha512-o3vYippBmSrjjQUCEEiTZ2l+4yC0pVJD/Dl57WfPwwlvFkrxoSO7rmBZFii6kQB3Wrn/6GwJUPLU5t52eq2meA==

"@esbuild/linux-arm@0.19.5":
  version "0.19.5"
  resolved "https://registry.yarnpkg.com/@esbuild/linux-arm/-/linux-arm-0.19.5.tgz#0acef93aa3e0579e46d33b666627bddb06636664"
  integrity sha512-lrWXLY/vJBzCPC51QN0HM71uWgIEpGSjSZZADQhq7DKhPcI6NH1IdzjfHkDQws2oNpJKpR13kv7/pFHBbDQDwQ==

"@esbuild/linux-ia32@0.19.5":
  version "0.19.5"
  resolved "https://registry.yarnpkg.com/@esbuild/linux-ia32/-/linux-ia32-0.19.5.tgz#b6e5c9e80b42131cbd6b1ddaa48c92835f1ed67f"
  integrity sha512-MkjHXS03AXAkNp1KKkhSKPOCYztRtK+KXDNkBa6P78F8Bw0ynknCSClO/ztGszILZtyO/lVKpa7MolbBZ6oJtQ==

"@esbuild/linux-loong64@0.19.5":
  version "0.19.5"
  resolved "https://registry.yarnpkg.com/@esbuild/linux-loong64/-/linux-loong64-0.19.5.tgz#e5f0cf95a180158b01ff5f417da796a1c09dfbea"
  integrity sha512-42GwZMm5oYOD/JHqHska3Jg0r+XFb/fdZRX+WjADm3nLWLcIsN27YKtqxzQmGNJgu0AyXg4HtcSK9HuOk3v1Dw==

"@esbuild/linux-mips64el@0.19.5":
  version "0.19.5"
  resolved "https://registry.yarnpkg.com/@esbuild/linux-mips64el/-/linux-mips64el-0.19.5.tgz#ae36fb86c7d5f641f3a0c8472e83dcb6ea36a408"
  integrity sha512-kcjndCSMitUuPJobWCnwQ9lLjiLZUR3QLQmlgaBfMX23UEa7ZOrtufnRds+6WZtIS9HdTXqND4yH8NLoVVIkcg==

"@esbuild/linux-ppc64@0.19.5":
  version "0.19.5"
  resolved "https://registry.yarnpkg.com/@esbuild/linux-ppc64/-/linux-ppc64-0.19.5.tgz#7960cb1666f0340ddd9eef7b26dcea3835d472d0"
  integrity sha512-yJAxJfHVm0ZbsiljbtFFP1BQKLc8kUF6+17tjQ78QjqjAQDnhULWiTA6u0FCDmYT1oOKS9PzZ2z0aBI+Mcyj7Q==

"@esbuild/linux-riscv64@0.19.5":
  version "0.19.5"
  resolved "https://registry.yarnpkg.com/@esbuild/linux-riscv64/-/linux-riscv64-0.19.5.tgz#32207df26af60a3a9feea1783fc21b9817bade19"
  integrity sha512-5u8cIR/t3gaD6ad3wNt1MNRstAZO+aNyBxu2We8X31bA8XUNyamTVQwLDA1SLoPCUehNCymhBhK3Qim1433Zag==

"@esbuild/linux-s390x@0.19.5":
  version "0.19.5"
  resolved "https://registry.yarnpkg.com/@esbuild/linux-s390x/-/linux-s390x-0.19.5.tgz#b38d5681db89a3723862dfa792812397b1510a7d"
  integrity sha512-Z6JrMyEw/EmZBD/OFEFpb+gao9xJ59ATsoTNlj39jVBbXqoZm4Xntu6wVmGPB/OATi1uk/DB+yeDPv2E8PqZGw==

"@esbuild/linux-x64@0.19.5":
  version "0.19.5"
  resolved "https://registry.yarnpkg.com/@esbuild/linux-x64/-/linux-x64-0.19.5.tgz#46feba2ad041a241379d150f415b472fe3885075"
  integrity sha512-psagl+2RlK1z8zWZOmVdImisMtrUxvwereIdyJTmtmHahJTKb64pAcqoPlx6CewPdvGvUKe2Jw+0Z/0qhSbG1A==

"@esbuild/netbsd-x64@0.19.5":
  version "0.19.5"
  resolved "https://registry.yarnpkg.com/@esbuild/netbsd-x64/-/netbsd-x64-0.19.5.tgz#3b5c1fb068f26bfc681d31f682adf1bea4ef0702"
  integrity sha512-kL2l+xScnAy/E/3119OggX8SrWyBEcqAh8aOY1gr4gPvw76la2GlD4Ymf832UCVbmuWeTf2adkZDK+h0Z/fB4g==

"@esbuild/openbsd-x64@0.19.5":
  version "0.19.5"
  resolved "https://registry.yarnpkg.com/@esbuild/openbsd-x64/-/openbsd-x64-0.19.5.tgz#ca6830316ca68056c5c88a875f103ad3235e00db"
  integrity sha512-sPOfhtzFufQfTBgRnE1DIJjzsXukKSvZxloZbkJDG383q0awVAq600pc1nfqBcl0ice/WN9p4qLc39WhBShRTA==

"@esbuild/sunos-x64@0.19.5":
  version "0.19.5"
  resolved "https://registry.yarnpkg.com/@esbuild/sunos-x64/-/sunos-x64-0.19.5.tgz#9efc4eb9539a7be7d5a05ada52ee43cda0d8e2dd"
  integrity sha512-dGZkBXaafuKLpDSjKcB0ax0FL36YXCvJNnztjKV+6CO82tTYVDSH2lifitJ29jxRMoUhgkg9a+VA/B03WK5lcg==

"@esbuild/win32-arm64@0.19.5":
  version "0.19.5"
  resolved "https://registry.yarnpkg.com/@esbuild/win32-arm64/-/win32-arm64-0.19.5.tgz#29f8184afa7a02a956ebda4ed638099f4b8ff198"
  integrity sha512-dWVjD9y03ilhdRQ6Xig1NWNgfLtf2o/STKTS+eZuF90fI2BhbwD6WlaiCGKptlqXlURVB5AUOxUj09LuwKGDTg==

"@esbuild/win32-ia32@0.19.5":
  version "0.19.5"
  resolved "https://registry.yarnpkg.com/@esbuild/win32-ia32/-/win32-ia32-0.19.5.tgz#f3de07afb292ecad651ae4bb8727789de2d95b05"
  integrity sha512-4liggWIA4oDgUxqpZwrDhmEfAH4d0iljanDOK7AnVU89T6CzHon/ony8C5LeOdfgx60x5cnQJFZwEydVlYx4iw==

"@esbuild/win32-x64@0.19.5":
  version "0.19.5"
  resolved "https://registry.yarnpkg.com/@esbuild/win32-x64/-/win32-x64-0.19.5.tgz#faad84c41ba12e3a0acb52571df9bff37bee75f6"
  integrity sha512-czTrygUsB/jlM8qEW5MD8bgYU2Xg14lo6kBDXW6HdxKjh8M5PzETGiSHaz9MtbXBYDloHNUAUW2tMiKW4KM9Mw==

"@fortawesome/fontawesome-free@6.4.2":
  version "6.4.2"
  resolved "https://registry.yarnpkg.com/@fortawesome/fontawesome-free/-/fontawesome-free-6.4.2.tgz#36b6a9cb5ffbecdf89815c94d0c0ffa489ac5ecb"
  integrity sha512-m5cPn3e2+FDCOgi1mz0RexTUvvQibBebOUlUlW0+YrMjDTPkiJ6VTKukA1GRsvRw+12KyJndNjj0O4AgTxm2Pg==

arctic_admin@4.2.6:
  version "4.2.6"
  resolved "https://registry.yarnpkg.com/arctic_admin/-/arctic_admin-4.2.6.tgz#d4464e1f678b2a8249e32828d48386a6ea32276e"
  integrity sha512-zdHHjwrf33LEBxxNInW+2D+cwi3Kneu3DJ+nk0A61rCMWvdkJSjFeKc/AxLQCxZRLTNJ7BYZBYjf1gsJ70pwlA==

esbuild@0.19.5:
  version "0.19.5"
  resolved "https://registry.yarnpkg.com/esbuild/-/esbuild-0.19.5.tgz#53a0e19dfbf61ba6c827d51a80813cf071239a8c"
  integrity sha512-bUxalY7b1g8vNhQKdB24QDmHeY4V4tw/s6Ak5z+jJX9laP5MoQseTOMemAr0gxssjNcH0MCViG8ONI2kksvfFQ==
  optionalDependencies:
    "@esbuild/android-arm" "0.19.5"
    "@esbuild/android-arm64" "0.19.5"
    "@esbuild/android-x64" "0.19.5"
    "@esbuild/darwin-arm64" "0.19.5"
    "@esbuild/darwin-x64" "0.19.5"
    "@esbuild/freebsd-arm64" "0.19.5"
    "@esbuild/freebsd-x64" "0.19.5"
    "@esbuild/linux-arm" "0.19.5"
    "@esbuild/linux-arm64" "0.19.5"
    "@esbuild/linux-ia32" "0.19.5"
    "@esbuild/linux-loong64" "0.19.5"
    "@esbuild/linux-mips64el" "0.19.5"
    "@esbuild/linux-ppc64" "0.19.5"
    "@esbuild/linux-riscv64" "0.19.5"
    "@esbuild/linux-s390x" "0.19.5"
    "@esbuild/linux-x64" "0.19.5"
    "@esbuild/netbsd-x64" "0.19.5"
    "@esbuild/openbsd-x64" "0.19.5"
    "@esbuild/sunos-x64" "0.19.5"
    "@esbuild/win32-arm64" "0.19.5"
    "@esbuild/win32-ia32" "0.19.5"
    "@esbuild/win32-x64" "0.19.5"

jquery-ui@1.13.2, jquery-ui@^1.12.1:
  version "1.13.2"
  resolved "https://registry.yarnpkg.com/jquery-ui/-/jquery-ui-1.13.2.tgz#de03580ae6604773602f8d786ad1abfb75232034"
  integrity sha512-wBZPnqWs5GaYJmo1Jj0k/mrSkzdQzKDwhXNtHKcBdAcKVxMM3KNYFq+iJ2i1rwiG53Z8M4mTn3Qxrm17uH1D4Q==
  dependencies:
    jquery ">=1.8.0 <4.0.0"

jquery-ujs@1.2.3, jquery-ujs@^1.2.2:
  version "1.2.3"
  resolved "https://registry.yarnpkg.com/jquery-ujs/-/jquery-ujs-1.2.3.tgz#dcac6026ab7268e5ee41faf9d31c997cd4ddd603"
  integrity sha512-59wvfx5vcCTHMeQT1/OwFiAj+UffLIwjRIoXdpO7Z7BCFGepzq9T9oLVeoItjTqjoXfUrHJvV7QU6pUR+UzOoA==

jquery@3.7.1, "jquery@>=1.8.0 <4.0.0", jquery@^3.4.1:
  version "3.7.1"
  resolved "https://registry.yarnpkg.com/jquery/-/jquery-3.7.1.tgz#083ef98927c9a6a74d05a6af02806566d16274de"
  integrity sha512-m4avr8yL8kmFN8psrbFFFmB/If14iN5o9nw/NgnnM+kybDJpRsAynV2BsfpTYrTRysYUdADVD7CkUUizgkpLfg==
