# This file is generated by running "yarn install" inside your project.
# Manual changes might be lost - proceed with caution!

__metadata:
  version: 8
  cacheKey: 10c0

"@activeadmin/activeadmin@npm:3.4.0":
  version: 3.4.0
  resolution: "@activeadmin/activeadmin@npm:3.4.0"
  dependencies:
    jquery: "npm:^3.4.1"
    jquery-ui: "npm:^1.13.3"
    jquery-ujs: "npm:^1.2.2"
  checksum: 10c0/b809081a2d2603b6f8b025d4941f835220887641edaa8e8a36a5b6fb261fd9498b4f66084fe4f6d6ee0139ee82e4c1057cee119b9c9c0f8c7c18b3731b4bfb14
  languageName: node
  linkType: hard

"@esbuild/aix-ppc64@npm:0.27.3":
  version: 0.27.3
  resolution: "@esbuild/aix-ppc64@npm:0.27.3"
  conditions: os=aix & cpu=ppc64
  languageName: node
  linkType: hard

"@esbuild/android-arm64@npm:0.27.3":
  version: 0.27.3
  resolution: "@esbuild/android-arm64@npm:0.27.3"
  conditions: os=android & cpu=arm64
  languageName: node
  linkType: hard

"@esbuild/android-arm@npm:0.27.3":
  version: 0.27.3
  resolution: "@esbuild/android-arm@npm:0.27.3"
  conditions: os=android & cpu=arm
  languageName: node
  linkType: hard

"@esbuild/android-x64@npm:0.27.3":
  version: 0.27.3
  resolution: "@esbuild/android-x64@npm:0.27.3"
  conditions: os=android & cpu=x64
  languageName: node
  linkType: hard

"@esbuild/darwin-arm64@npm:0.27.3":
  version: 0.27.3
  resolution: "@esbuild/darwin-arm64@npm:0.27.3"
  conditions: os=darwin & cpu=arm64
  languageName: node
  linkType: hard

"@esbuild/darwin-x64@npm:0.27.3":
  version: 0.27.3
  resolution: "@esbuild/darwin-x64@npm:0.27.3"
  conditions: os=darwin & cpu=x64
  languageName: node
  linkType: hard

"@esbuild/freebsd-arm64@npm:0.27.3":
  version: 0.27.3
  resolution: "@esbuild/freebsd-arm64@npm:0.27.3"
  conditions: os=freebsd & cpu=arm64
  languageName: node
  linkType: hard

"@esbuild/freebsd-x64@npm:0.27.3":
  version: 0.27.3
  resolution: "@esbuild/freebsd-x64@npm:0.27.3"
  conditions: os=freebsd & cpu=x64
  languageName: node
  linkType: hard

"@esbuild/linux-arm64@npm:0.27.3":
  version: 0.27.3
  resolution: "@esbuild/linux-arm64@npm:0.27.3"
  conditions: os=linux & cpu=arm64
  languageName: node
  linkType: hard

"@esbuild/linux-arm@npm:0.27.3":
  version: 0.27.3
  resolution: "@esbuild/linux-arm@npm:0.27.3"
  conditions: os=linux & cpu=arm
  languageName: node
  linkType: hard

"@esbuild/linux-ia32@npm:0.27.3":
  version: 0.27.3
  resolution: "@esbuild/linux-ia32@npm:0.27.3"
  conditions: os=linux & cpu=ia32
  languageName: node
  linkType: hard

"@esbuild/linux-loong64@npm:0.27.3":
  version: 0.27.3
  resolution: "@esbuild/linux-loong64@npm:0.27.3"
  conditions: os=linux & cpu=loong64
  languageName: node
  linkType: hard

"@esbuild/linux-mips64el@npm:0.27.3":
  version: 0.27.3
  resolution: "@esbuild/linux-mips64el@npm:0.27.3"
  conditions: os=linux & cpu=mips64el
  languageName: node
  linkType: hard

"@esbuild/linux-ppc64@npm:0.27.3":
  version: 0.27.3
  resolution: "@esbuild/linux-ppc64@npm:0.27.3"
  conditions: os=linux & cpu=ppc64
  languageName: node
  linkType: hard

"@esbuild/linux-riscv64@npm:0.27.3":
  version: 0.27.3
  resolution: "@esbuild/linux-riscv64@npm:0.27.3"
  conditions: os=linux & cpu=riscv64
  languageName: node
  linkType: hard

"@esbuild/linux-s390x@npm:0.27.3":
  version: 0.27.3
  resolution: "@esbuild/linux-s390x@npm:0.27.3"
  conditions: os=linux & cpu=s390x
  languageName: node
  linkType: hard

"@esbuild/linux-x64@npm:0.27.3":
  version: 0.27.3
  resolution: "@esbuild/linux-x64@npm:0.27.3"
  conditions: os=linux & cpu=x64
  languageName: node
  linkType: hard

"@esbuild/netbsd-arm64@npm:0.27.3":
  version: 0.27.3
  resolution: "@esbuild/netbsd-arm64@npm:0.27.3"
  conditions: os=netbsd & cpu=arm64
  languageName: node
  linkType: hard

"@esbuild/netbsd-x64@npm:0.27.3":
  version: 0.27.3
  resolution: "@esbuild/netbsd-x64@npm:0.27.3"
  conditions: os=netbsd & cpu=x64
  languageName: node
  linkType: hard

"@esbuild/openbsd-arm64@npm:0.27.3":
  version: 0.27.3
  resolution: "@esbuild/openbsd-arm64@npm:0.27.3"
  conditions: os=openbsd & cpu=arm64
  languageName: node
  linkType: hard

"@esbuild/openbsd-x64@npm:0.27.3":
  version: 0.27.3
  resolution: "@esbuild/openbsd-x64@npm:0.27.3"
  conditions: os=openbsd & cpu=x64
  languageName: node
  linkType: hard

"@esbuild/openharmony-arm64@npm:0.27.3":
  version: 0.27.3
  resolution: "@esbuild/openharmony-arm64@npm:0.27.3"
  conditions: os=openharmony & cpu=arm64
  languageName: node
  linkType: hard

"@esbuild/sunos-x64@npm:0.27.3":
  version: 0.27.3
  resolution: "@esbuild/sunos-x64@npm:0.27.3"
  conditions: os=sunos & cpu=x64
  languageName: node
  linkType: hard

"@esbuild/win32-arm64@npm:0.27.3":
  version: 0.27.3
  resolution: "@esbuild/win32-arm64@npm:0.27.3"
  conditions: os=win32 & cpu=arm64
  languageName: node
  linkType: hard

"@esbuild/win32-ia32@npm:0.27.3":
  version: 0.27.3
  resolution: "@esbuild/win32-ia32@npm:0.27.3"
  conditions: os=win32 & cpu=ia32
  languageName: node
  linkType: hard

"@esbuild/win32-x64@npm:0.27.3":
  version: 0.27.3
  resolution: "@esbuild/win32-x64@npm:0.27.3"
  conditions: os=win32 & cpu=x64
  languageName: node
  linkType: hard

"@fortawesome/fontawesome-free@npm:7.1.0":
  version: 7.1.0
  resolution: "@fortawesome/fontawesome-free@npm:7.1.0"
  checksum: 10c0/3bcaf2c18f3b2ece0fb5640681f13051cb787d686ab444437b3605ba3dca9dce4c7c1f844d94b7ad011482ac20b2b387f3a4c33c2739b50c4425fe529ab7b050
  languageName: node
  linkType: hard

"@isaacs/balanced-match@npm:^4.0.1":
  version: 4.0.1
  resolution: "@isaacs/balanced-match@npm:4.0.1"
  checksum: 10c0/7da011805b259ec5c955f01cee903da72ad97c5e6f01ca96197267d3f33103d5b2f8a1af192140f3aa64526c593c8d098ae366c2b11f7f17645d12387c2fd420
  languageName: node
  linkType: hard

"@isaacs/brace-expansion@npm:^5.0.0":
  version: 5.0.1
  resolution: "@isaacs/brace-expansion@npm:5.0.1"
  dependencies:
    "@isaacs/balanced-match": "npm:^4.0.1"
  checksum: 10c0/e5d67c7bbf1f17b88132a35bc638af306d48acbb72810d48fa6e6edd8ab375854773108e8bf70f021f7ef6a8273455a6d1f0c3b5aa2aff06ce7894049ab77fb8
  languageName: node
  linkType: hard

"@isaacs/fs-minipass@npm:^4.0.0":
  version: 4.0.1
  resolution: "@isaacs/fs-minipass@npm:4.0.1"
  dependencies:
    minipass: "npm:^7.0.4"
  checksum: 10c0/c25b6dc1598790d5b55c0947a9b7d111cfa92594db5296c3b907e2f533c033666f692a3939eadac17b1c7c40d362d0b0635dc874cbfe3e70db7c2b07cc97a5d2
  languageName: node
  linkType: hard

"@npmcli/agent@npm:^4.0.0":
  version: 4.0.0
  resolution: "@npmcli/agent@npm:4.0.0"
  dependencies:
    agent-base: "npm:^7.1.0"
    http-proxy-agent: "npm:^7.0.0"
    https-proxy-agent: "npm:^7.0.1"
    lru-cache: "npm:^11.2.1"
    socks-proxy-agent: "npm:^8.0.3"
  checksum: 10c0/f7b5ce0f3dd42c3f8c6546e8433573d8049f67ef11ec22aa4704bc41483122f68bf97752e06302c455ead667af5cb753e6a09bff06632bc465c1cfd4c4b75a53
  languageName: node
  linkType: hard

"@npmcli/fs@npm:^5.0.0":
  version: 5.0.0
  resolution: "@npmcli/fs@npm:5.0.0"
  dependencies:
    semver: "npm:^7.3.5"
  checksum: 10c0/26e376d780f60ff16e874a0ac9bc3399186846baae0b6e1352286385ac134d900cc5dafaded77f38d77f86898fc923ae1cee9d7399f0275b1aa24878915d722b
  languageName: node
  linkType: hard

"@parcel/watcher-android-arm64@npm:2.4.1":
  version: 2.4.1
  resolution: "@parcel/watcher-android-arm64@npm:2.4.1"
  conditions: os=android & cpu=arm64
  languageName: node
  linkType: hard

"@parcel/watcher-darwin-arm64@npm:2.4.1":
  version: 2.4.1
  resolution: "@parcel/watcher-darwin-arm64@npm:2.4.1"
  conditions: os=darwin & cpu=arm64
  languageName: node
  linkType: hard

"@parcel/watcher-darwin-x64@npm:2.4.1":
  version: 2.4.1
  resolution: "@parcel/watcher-darwin-x64@npm:2.4.1"
  conditions: os=darwin & cpu=x64
  languageName: node
  linkType: hard

"@parcel/watcher-freebsd-x64@npm:2.4.1":
  version: 2.4.1
  resolution: "@parcel/watcher-freebsd-x64@npm:2.4.1"
  conditions: os=freebsd & cpu=x64
  languageName: node
  linkType: hard

"@parcel/watcher-linux-arm-glibc@npm:2.4.1":
  version: 2.4.1
  resolution: "@parcel/watcher-linux-arm-glibc@npm:2.4.1"
  conditions: os=linux & cpu=arm & libc=glibc
  languageName: node
  linkType: hard

"@parcel/watcher-linux-arm64-glibc@npm:2.4.1":
  version: 2.4.1
  resolution: "@parcel/watcher-linux-arm64-glibc@npm:2.4.1"
  conditions: os=linux & cpu=arm64 & libc=glibc
  languageName: node
  linkType: hard

"@parcel/watcher-linux-arm64-musl@npm:2.4.1":
  version: 2.4.1
  resolution: "@parcel/watcher-linux-arm64-musl@npm:2.4.1"
  conditions: os=linux & cpu=arm64 & libc=musl
  languageName: node
  linkType: hard

"@parcel/watcher-linux-x64-glibc@npm:2.4.1":
  version: 2.4.1
  resolution: "@parcel/watcher-linux-x64-glibc@npm:2.4.1"
  conditions: os=linux & cpu=x64 & libc=glibc
  languageName: node
  linkType: hard

"@parcel/watcher-linux-x64-musl@npm:2.4.1":
  version: 2.4.1
  resolution: "@parcel/watcher-linux-x64-musl@npm:2.4.1"
  conditions: os=linux & cpu=x64 & libc=musl
  languageName: node
  linkType: hard

"@parcel/watcher-win32-arm64@npm:2.4.1":
  version: 2.4.1
  resolution: "@parcel/watcher-win32-arm64@npm:2.4.1"
  conditions: os=win32 & cpu=arm64
  languageName: node
  linkType: hard

"@parcel/watcher-win32-ia32@npm:2.4.1":
  version: 2.4.1
  resolution: "@parcel/watcher-win32-ia32@npm:2.4.1"
  conditions: os=win32 & cpu=ia32
  languageName: node
  linkType: hard

"@parcel/watcher-win32-x64@npm:2.4.1":
  version: 2.4.1
  resolution: "@parcel/watcher-win32-x64@npm:2.4.1"
  conditions: os=win32 & cpu=x64
  languageName: node
  linkType: hard

"@parcel/watcher@npm:^2.4.1":
  version: 2.4.1
  resolution: "@parcel/watcher@npm:2.4.1"
  dependencies:
    "@parcel/watcher-android-arm64": "npm:2.4.1"
    "@parcel/watcher-darwin-arm64": "npm:2.4.1"
    "@parcel/watcher-darwin-x64": "npm:2.4.1"
    "@parcel/watcher-freebsd-x64": "npm:2.4.1"
    "@parcel/watcher-linux-arm-glibc": "npm:2.4.1"
    "@parcel/watcher-linux-arm64-glibc": "npm:2.4.1"
    "@parcel/watcher-linux-arm64-musl": "npm:2.4.1"
    "@parcel/watcher-linux-x64-glibc": "npm:2.4.1"
    "@parcel/watcher-linux-x64-musl": "npm:2.4.1"
    "@parcel/watcher-win32-arm64": "npm:2.4.1"
    "@parcel/watcher-win32-ia32": "npm:2.4.1"
    "@parcel/watcher-win32-x64": "npm:2.4.1"
    detect-libc: "npm:^1.0.3"
    is-glob: "npm:^4.0.3"
    micromatch: "npm:^4.0.5"
    node-addon-api: "npm:^7.0.0"
    node-gyp: "npm:latest"
  dependenciesMeta:
    "@parcel/watcher-android-arm64":
      optional: true
    "@parcel/watcher-darwin-arm64":
      optional: true
    "@parcel/watcher-darwin-x64":
      optional: true
    "@parcel/watcher-freebsd-x64":
      optional: true
    "@parcel/watcher-linux-arm-glibc":
      optional: true
    "@parcel/watcher-linux-arm64-glibc":
      optional: true
    "@parcel/watcher-linux-arm64-musl":
      optional: true
    "@parcel/watcher-linux-x64-glibc":
      optional: true
    "@parcel/watcher-linux-x64-musl":
      optional: true
    "@parcel/watcher-win32-arm64":
      optional: true
    "@parcel/watcher-win32-ia32":
      optional: true
    "@parcel/watcher-win32-x64":
      optional: true
  checksum: 10c0/33b7112094b9eb46c234d824953967435b628d3d93a0553255e9910829b84cab3da870153c3a870c31db186dc58f3b2db81382fcaee3451438aeec4d786a6211
  languageName: node
  linkType: hard

"abbrev@npm:^4.0.0":
  version: 4.0.0
  resolution: "abbrev@npm:4.0.0"
  checksum: 10c0/b4cc16935235e80702fc90192e349e32f8ef0ed151ef506aa78c81a7c455ec18375c4125414b99f84b2e055199d66383e787675f0bcd87da7a4dbd59f9eac1d5
  languageName: node
  linkType: hard

"agent-base@npm:^7.0.2, agent-base@npm:^7.1.0, agent-base@npm:^7.1.1":
  version: 7.1.1
  resolution: "agent-base@npm:7.1.1"
  dependencies:
    debug: "npm:^4.3.4"
  checksum: 10c0/e59ce7bed9c63bf071a30cc471f2933862044c97fd9958967bfe22521d7a0f601ce4ed5a8c011799d0c726ca70312142ae193bbebb60f576b52be19d4a363b50
  languageName: node
  linkType: hard

"arctic_admin@npm:4.3.3":
  version: 4.3.3
  resolution: "arctic_admin@npm:4.3.3"
  checksum: 10c0/2124f9cfa997d48d7a903e2ac45530e2b2fdaacda35932eb0ca178feddbf84bbdcfeb40a5d9782b21d09062139d9e6b4a087c1b449713e705b554df484c306a8
  languageName: node
  linkType: hard

"braces@npm:^3.0.3":
  version: 3.0.3
  resolution: "braces@npm:3.0.3"
  dependencies:
    fill-range: "npm:^7.1.1"
  checksum: 10c0/7c6dfd30c338d2997ba77500539227b9d1f85e388a5f43220865201e407e076783d0881f2d297b9f80951b4c957fcf0b51c1d2d24227631643c3f7c284b0aa04
  languageName: node
  linkType: hard

"cacache@npm:^20.0.1":
  version: 20.0.3
  resolution: "cacache@npm:20.0.3"
  dependencies:
    "@npmcli/fs": "npm:^5.0.0"
    fs-minipass: "npm:^3.0.0"
    glob: "npm:^13.0.0"
    lru-cache: "npm:^11.1.0"
    minipass: "npm:^7.0.3"
    minipass-collect: "npm:^2.0.1"
    minipass-flush: "npm:^1.0.5"
    minipass-pipeline: "npm:^1.2.4"
    p-map: "npm:^7.0.2"
    ssri: "npm:^13.0.0"
    unique-filename: "npm:^5.0.0"
  checksum: 10c0/c7da1ca694d20e8f8aedabd21dc11518f809a7d2b59aa76a1fc655db5a9e62379e465c157ddd2afe34b19230808882288effa6911b2de26a088a6d5645123462
  languageName: node
  linkType: hard

"chokidar@npm:^4.0.0":
  version: 4.0.1
  resolution: "chokidar@npm:4.0.1"
  dependencies:
    readdirp: "npm:^4.0.1"
  checksum: 10c0/4bb7a3adc304059810bb6c420c43261a15bb44f610d77c35547addc84faa0374265c3adc67f25d06f363d9a4571962b02679268c40de07676d260de1986efea9
  languageName: node
  linkType: hard

"chownr@npm:^3.0.0":
  version: 3.0.0
  resolution: "chownr@npm:3.0.0"
  checksum: 10c0/43925b87700f7e3893296c8e9c56cc58f926411cce3a6e5898136daaf08f08b9a8eb76d37d3267e707d0dcc17aed2e2ebdf5848c0c3ce95cf910a919935c1b10
  languageName: node
  linkType: hard

"debug@npm:4, debug@npm:^4.3.4":
  version: 4.3.7
  resolution: "debug@npm:4.3.7"
  dependencies:
    ms: "npm:^2.1.3"
  peerDependenciesMeta:
    supports-color:
      optional: true
  checksum: 10c0/1471db19c3b06d485a622d62f65947a19a23fbd0dd73f7fd3eafb697eec5360cde447fb075919987899b1a2096e85d35d4eb5a4de09a57600ac9cf7e6c8e768b
  languageName: node
  linkType: hard

"detect-libc@npm:^1.0.3":
  version: 1.0.3
  resolution: "detect-libc@npm:1.0.3"
  bin:
    detect-libc: ./bin/detect-libc.js
  checksum: 10c0/4da0deae9f69e13bc37a0902d78bf7169480004b1fed3c19722d56cff578d16f0e11633b7fbf5fb6249181236c72e90024cbd68f0b9558ae06e281f47326d50d
  languageName: node
  linkType: hard

"encoding@npm:^0.1.13":
  version: 0.1.13
  resolution: "encoding@npm:0.1.13"
  dependencies:
    iconv-lite: "npm:^0.6.2"
  checksum: 10c0/36d938712ff00fe1f4bac88b43bcffb5930c1efa57bbcdca9d67e1d9d6c57cfb1200fb01efe0f3109b2ce99b231f90779532814a81370a1bd3274a0f58585039
  languageName: node
  linkType: hard

"env-paths@npm:^2.2.0":
  version: 2.2.1
  resolution: "env-paths@npm:2.2.1"
  checksum: 10c0/285325677bf00e30845e330eec32894f5105529db97496ee3f598478e50f008c5352a41a30e5e72ec9de8a542b5a570b85699cd63bd2bc646dbcb9f311d83bc4
  languageName: node
  linkType: hard

"err-code@npm:^2.0.2":
  version: 2.0.3
  resolution: "err-code@npm:2.0.3"
  checksum: 10c0/b642f7b4dd4a376e954947550a3065a9ece6733ab8e51ad80db727aaae0817c2e99b02a97a3d6cecc648a97848305e728289cf312d09af395403a90c9d4d8a66
  languageName: node
  linkType: hard

"esbuild@npm:0.27.3":
  version: 0.27.3
  resolution: "esbuild@npm:0.27.3"
  dependencies:
    "@esbuild/aix-ppc64": "npm:0.27.3"
    "@esbuild/android-arm": "npm:0.27.3"
    "@esbuild/android-arm64": "npm:0.27.3"
    "@esbuild/android-x64": "npm:0.27.3"
    "@esbuild/darwin-arm64": "npm:0.27.3"
    "@esbuild/darwin-x64": "npm:0.27.3"
    "@esbuild/freebsd-arm64": "npm:0.27.3"
    "@esbuild/freebsd-x64": "npm:0.27.3"
    "@esbuild/linux-arm": "npm:0.27.3"
    "@esbuild/linux-arm64": "npm:0.27.3"
    "@esbuild/linux-ia32": "npm:0.27.3"
    "@esbuild/linux-loong64": "npm:0.27.3"
    "@esbuild/linux-mips64el": "npm:0.27.3"
    "@esbuild/linux-ppc64": "npm:0.27.3"
    "@esbuild/linux-riscv64": "npm:0.27.3"
    "@esbuild/linux-s390x": "npm:0.27.3"
    "@esbuild/linux-x64": "npm:0.27.3"
    "@esbuild/netbsd-arm64": "npm:0.27.3"
    "@esbuild/netbsd-x64": "npm:0.27.3"
    "@esbuild/openbsd-arm64": "npm:0.27.3"
    "@esbuild/openbsd-x64": "npm:0.27.3"
    "@esbuild/openharmony-arm64": "npm:0.27.3"
    "@esbuild/sunos-x64": "npm:0.27.3"
    "@esbuild/win32-arm64": "npm:0.27.3"
    "@esbuild/win32-ia32": "npm:0.27.3"
    "@esbuild/win32-x64": "npm:0.27.3"
  dependenciesMeta:
    "@esbuild/aix-ppc64":
      optional: true
    "@esbuild/android-arm":
      optional: true
    "@esbuild/android-arm64":
      optional: true
    "@esbuild/android-x64":
      optional: true
    "@esbuild/darwin-arm64":
      optional: true
    "@esbuild/darwin-x64":
      optional: true
    "@esbuild/freebsd-arm64":
      optional: true
    "@esbuild/freebsd-x64":
      optional: true
    "@esbuild/linux-arm":
      optional: true
    "@esbuild/linux-arm64":
      optional: true
    "@esbuild/linux-ia32":
      optional: true
    "@esbuild/linux-loong64":
      optional: true
    "@esbuild/linux-mips64el":
      optional: true
    "@esbuild/linux-ppc64":
      optional: true
    "@esbuild/linux-riscv64":
      optional: true
    "@esbuild/linux-s390x":
      optional: true
    "@esbuild/linux-x64":
      optional: true
    "@esbuild/netbsd-arm64":
      optional: true
    "@esbuild/netbsd-x64":
      optional: true
    "@esbuild/openbsd-arm64":
      optional: true
    "@esbuild/openbsd-x64":
      optional: true
    "@esbuild/openharmony-arm64":
      optional: true
    "@esbuild/sunos-x64":
      optional: true
    "@esbuild/win32-arm64":
      optional: true
    "@esbuild/win32-ia32":
      optional: true
    "@esbuild/win32-x64":
      optional: true
  bin:
    esbuild: bin/esbuild
  checksum: 10c0/fdc3f87a3f08b3ef98362f37377136c389a0d180fda4b8d073b26ba930cf245521db0a368f119cc7624bc619248fff1439f5811f062d853576f8ffa3df8ee5f1
  languageName: node
  linkType: hard

"exponential-backoff@npm:^3.1.1":
  version: 3.1.1
  resolution: "exponential-backoff@npm:3.1.1"
  checksum: 10c0/160456d2d647e6019640bd07111634d8c353038d9fa40176afb7cd49b0548bdae83b56d05e907c2cce2300b81cae35d800ef92fefb9d0208e190fa3b7d6bb579
  languageName: node
  linkType: hard

"fdir@npm:^6.5.0":
  version: 6.5.0
  resolution: "fdir@npm:6.5.0"
  peerDependencies:
    picomatch: ^3 || ^4
  peerDependenciesMeta:
    picomatch:
      optional: true
  checksum: 10c0/e345083c4306b3aed6cb8ec551e26c36bab5c511e99ea4576a16750ddc8d3240e63826cc624f5ae17ad4dc82e68a253213b60d556c11bfad064b7607847ed07f
  languageName: node
  linkType: hard

"fill-range@npm:^7.1.1":
  version: 7.1.1
  resolution: "fill-range@npm:7.1.1"
  dependencies:
    to-regex-range: "npm:^5.0.1"
  checksum: 10c0/b75b691bbe065472f38824f694c2f7449d7f5004aa950426a2c28f0306c60db9b880c0b0e4ed819997ffb882d1da02cfcfc819bddc94d71627f5269682edf018
  languageName: node
  linkType: hard

"fs-minipass@npm:^3.0.0":
  version: 3.0.3
  resolution: "fs-minipass@npm:3.0.3"
  dependencies:
    minipass: "npm:^7.0.3"
  checksum: 10c0/63e80da2ff9b621e2cb1596abcb9207f1cf82b968b116ccd7b959e3323144cce7fb141462200971c38bbf2ecca51695069db45265705bed09a7cd93ae5b89f94
  languageName: node
  linkType: hard

"glob@npm:^13.0.0":
  version: 13.0.0
  resolution: "glob@npm:13.0.0"
  dependencies:
    minimatch: "npm:^10.1.1"
    minipass: "npm:^7.1.2"
    path-scurry: "npm:^2.0.0"
  checksum: 10c0/8e2f5821f3f7c312dd102e23a15b80c79e0837a9872784293ba2e15ec73b3f3749a49a42a31bfcb4e52c84820a474e92331c2eebf18819d20308f5c33876630a
  languageName: node
  linkType: hard

"graceful-fs@npm:^4.2.6":
  version: 4.2.11
  resolution: "graceful-fs@npm:4.2.11"
  checksum: 10c0/386d011a553e02bc594ac2ca0bd6d9e4c22d7fa8cfbfc448a6d148c59ea881b092db9dbe3547ae4b88e55f1b01f7c4a2ecc53b310c042793e63aa44cf6c257f2
  languageName: node
  linkType: hard

"http-cache-semantics@npm:^4.1.1":
  version: 4.1.1
  resolution: "http-cache-semantics@npm:4.1.1"
  checksum: 10c0/ce1319b8a382eb3cbb4a37c19f6bfe14e5bb5be3d09079e885e8c513ab2d3cd9214902f8a31c9dc4e37022633ceabfc2d697405deeaf1b8f3552bb4ed996fdfc
  languageName: node
  linkType: hard

"http-proxy-agent@npm:^7.0.0":
  version: 7.0.2
  resolution: "http-proxy-agent@npm:7.0.2"
  dependencies:
    agent-base: "npm:^7.1.0"
    debug: "npm:^4.3.4"
  checksum: 10c0/4207b06a4580fb85dd6dff521f0abf6db517489e70863dca1a0291daa7f2d3d2d6015a57bd702af068ea5cf9f1f6ff72314f5f5b4228d299c0904135d2aef921
  languageName: node
  linkType: hard

"https-proxy-agent@npm:^7.0.1":
  version: 7.0.5
  resolution: "https-proxy-agent@npm:7.0.5"
  dependencies:
    agent-base: "npm:^7.0.2"
    debug: "npm:4"
  checksum: 10c0/2490e3acec397abeb88807db52cac59102d5ed758feee6df6112ab3ccd8325e8a1ce8bce6f4b66e5470eca102d31e425ace904242e4fa28dbe0c59c4bafa7b2c
  languageName: node
  linkType: hard

"iconv-lite@npm:^0.6.2":
  version: 0.6.3
  resolution: "iconv-lite@npm:0.6.3"
  dependencies:
    safer-buffer: "npm:>= 2.1.2 < 3.0.0"
  checksum: 10c0/98102bc66b33fcf5ac044099d1257ba0b7ad5e3ccd3221f34dd508ab4070edff183276221684e1e0555b145fce0850c9f7d2b60a9fcac50fbb4ea0d6e845a3b1
  languageName: node
  linkType: hard

"immutable@npm:^5.0.2":
  version: 5.0.2
  resolution: "immutable@npm:5.0.2"
  checksum: 10c0/0d97ad95384e49563b6ed68f90e5ea83c149fd96ff417fae8274e1c524e3ef800eb1a2e8009e29d9b8ffdf63affd7692f87c8af72714181aad8dca88747fb5ac
  languageName: node
  linkType: hard

"imurmurhash@npm:^0.1.4":
  version: 0.1.4
  resolution: "imurmurhash@npm:0.1.4"
  checksum: 10c0/8b51313850dd33605c6c9d3fd9638b714f4c4c40250cff658209f30d40da60f78992fb2df5dabee4acf589a6a82bbc79ad5486550754bd9ec4e3fc0d4a57d6a6
  languageName: node
  linkType: hard

"ip-address@npm:^9.0.5":
  version: 9.0.5
  resolution: "ip-address@npm:9.0.5"
  dependencies:
    jsbn: "npm:1.1.0"
    sprintf-js: "npm:^1.1.3"
  checksum: 10c0/331cd07fafcb3b24100613e4b53e1a2b4feab11e671e655d46dc09ee233da5011284d09ca40c4ecbdfe1d0004f462958675c224a804259f2f78d2465a87824bc
  languageName: node
  linkType: hard

"is-extglob@npm:^2.1.1":
  version: 2.1.1
  resolution: "is-extglob@npm:2.1.1"
  checksum: 10c0/5487da35691fbc339700bbb2730430b07777a3c21b9ebaecb3072512dfd7b4ba78ac2381a87e8d78d20ea08affb3f1971b4af629173a6bf435ff8a4c47747912
  languageName: node
  linkType: hard

"is-glob@npm:^4.0.3":
  version: 4.0.3
  resolution: "is-glob@npm:4.0.3"
  dependencies:
    is-extglob: "npm:^2.1.1"
  checksum: 10c0/17fb4014e22be3bbecea9b2e3a76e9e34ff645466be702f1693e8f1ee1adac84710d0be0bd9f967d6354036fd51ab7c2741d954d6e91dae6bb69714de92c197a
  languageName: node
  linkType: hard

"is-number@npm:^7.0.0":
  version: 7.0.0
  resolution: "is-number@npm:7.0.0"
  checksum: 10c0/b4686d0d3053146095ccd45346461bc8e53b80aeb7671cc52a4de02dbbf7dc0d1d2a986e2fe4ae206984b4d34ef37e8b795ebc4f4295c978373e6575e295d811
  languageName: node
  linkType: hard

"isexe@npm:^3.1.1":
  version: 3.1.1
  resolution: "isexe@npm:3.1.1"
  checksum: 10c0/9ec257654093443eb0a528a9c8cbba9c0ca7616ccb40abd6dde7202734d96bb86e4ac0d764f0f8cd965856aacbff2f4ce23e730dc19dfb41e3b0d865ca6fdcc7
  languageName: node
  linkType: hard

"jquery-ui@npm:1.14.2":
  version: 1.14.2
  resolution: "jquery-ui@npm:1.14.2"
  dependencies:
    jquery: "npm:>=1.12.0 <5.0.0"
  checksum: 10c0/83b65744c4f4f2e9fa12833feb76c964f9565ef8301ef4e224e93e6c867e10a45d7da3e93bc7bcaec5227a61e09a2a6d1ce0198d9c38de08e4ada3d53a628615
  languageName: node
  linkType: hard

"jquery-ui@npm:^1.13.3":
  version: 1.14.0
  resolution: "jquery-ui@npm:1.14.0"
  dependencies:
    jquery: "npm:>=1.12.0 <5.0.0"
  checksum: 10c0/7139e5273ddf3cb572b32a73dad66a5f4acd1a62dce8f74cdc096643c0ce08fb0ef1a7c8cada8fbb5c27580486351abc8ba9c33f121416f22004a8cd2c456035
  languageName: node
  linkType: hard

"jquery-ujs@npm:1.2.3, jquery-ujs@npm:^1.2.2":
  version: 1.2.3
  resolution: "jquery-ujs@npm:1.2.3"
  peerDependencies:
    jquery: ">=1.8.0"
  checksum: 10c0/3ae70de58496e9df65c3939464ebc449648bdd8078bbf5b9df1f32536e9d7482337a2e1de79bc9e7511ee7c3ef04ed8d5228f9344c1f52673bc32f0a5bd0d90f
  languageName: node
  linkType: hard

"jquery@npm:4.0.0":
  version: 4.0.0
  resolution: "jquery@npm:4.0.0"
  checksum: 10c0/06d8d0f51121af5a691f8b59c74823157bb5b60eea915b30eaa920d6c0ffd91e60ba81e9b97bd8203f331f9dd8d0ec9a4b010935ea314bdd2f15453c29bc780b
  languageName: node
  linkType: hard

"jquery@npm:>=1.12.0 <5.0.0, jquery@npm:^3.4.1":
  version: 3.7.1
  resolution: "jquery@npm:3.7.1"
  checksum: 10c0/808cfbfb758438560224bf26e17fcd5afc7419170230c810dd11f5c1792e2263e2970cca8d659eb84fcd9acc301edb6d310096e450277d54be4f57071b0c82d9
  languageName: node
  linkType: hard

"jsbn@npm:1.1.0":
  version: 1.1.0
  resolution: "jsbn@npm:1.1.0"
  checksum: 10c0/4f907fb78d7b712e11dea8c165fe0921f81a657d3443dde75359ed52eb2b5d33ce6773d97985a089f09a65edd80b11cb75c767b57ba47391fee4c969f7215c96
  languageName: node
  linkType: hard

"lru-cache@npm:^11.0.0, lru-cache@npm:^11.1.0, lru-cache@npm:^11.2.1":
  version: 11.2.5
  resolution: "lru-cache@npm:11.2.5"
  checksum: 10c0/cc98958d25dddf1c8a8cbdc49588bd3b24450e8dfa78f32168fd188a20d4a0331c7406d0f3250c86a46619ee288056fd7a1195e8df56dc8a9592397f4fbd8e1d
  languageName: node
  linkType: hard

"make-fetch-happen@npm:^15.0.0":
  version: 15.0.3
  resolution: "make-fetch-happen@npm:15.0.3"
  dependencies:
    "@npmcli/agent": "npm:^4.0.0"
    cacache: "npm:^20.0.1"
    http-cache-semantics: "npm:^4.1.1"
    minipass: "npm:^7.0.2"
    minipass-fetch: "npm:^5.0.0"
    minipass-flush: "npm:^1.0.5"
    minipass-pipeline: "npm:^1.2.4"
    negotiator: "npm:^1.0.0"
    proc-log: "npm:^6.0.0"
    promise-retry: "npm:^2.0.1"
    ssri: "npm:^13.0.0"
  checksum: 10c0/525f74915660be60b616bcbd267c4a5b59481b073ba125e45c9c3a041bb1a47a2bd0ae79d028eb6f5f95bf9851a4158423f5068539c3093621abb64027e8e461
  languageName: node
  linkType: hard

"micromatch@npm:^4.0.5":
  version: 4.0.8
  resolution: "micromatch@npm:4.0.8"
  dependencies:
    braces: "npm:^3.0.3"
    picomatch: "npm:^2.3.1"
  checksum: 10c0/166fa6eb926b9553f32ef81f5f531d27b4ce7da60e5baf8c021d043b27a388fb95e46a8038d5045877881e673f8134122b59624d5cecbd16eb50a42e7a6b5ca8
  languageName: node
  linkType: hard

"minimatch@npm:^10.1.1":
  version: 10.1.1
  resolution: "minimatch@npm:10.1.1"
  dependencies:
    "@isaacs/brace-expansion": "npm:^5.0.0"
  checksum: 10c0/c85d44821c71973d636091fddbfbffe62370f5ee3caf0241c5b60c18cd289e916200acb2361b7e987558cd06896d153e25d505db9fc1e43e6b4b6752e2702902
  languageName: node
  linkType: hard

"minipass-collect@npm:^2.0.1":
  version: 2.0.1
  resolution: "minipass-collect@npm:2.0.1"
  dependencies:
    minipass: "npm:^7.0.3"
  checksum: 10c0/5167e73f62bb74cc5019594709c77e6a742051a647fe9499abf03c71dca75515b7959d67a764bdc4f8b361cf897fbf25e2d9869ee039203ed45240f48b9aa06e
  languageName: node
  linkType: hard

"minipass-fetch@npm:^5.0.0":
  version: 5.0.0
  resolution: "minipass-fetch@npm:5.0.0"
  dependencies:
    encoding: "npm:^0.1.13"
    minipass: "npm:^7.0.3"
    minipass-sized: "npm:^1.0.3"
    minizlib: "npm:^3.0.1"
  dependenciesMeta:
    encoding:
      optional: true
  checksum: 10c0/9443aab5feab190972f84b64116e54e58dd87a58e62399cae0a4a7461b80568281039b7c3a38ba96453431ebc799d1e26999e548540156216729a4967cd5ef06
  languageName: node
  linkType: hard

"minipass-flush@npm:^1.0.5":
  version: 1.0.5
  resolution: "minipass-flush@npm:1.0.5"
  dependencies:
    minipass: "npm:^3.0.0"
  checksum: 10c0/2a51b63feb799d2bb34669205eee7c0eaf9dce01883261a5b77410c9408aa447e478efd191b4de6fc1101e796ff5892f8443ef20d9544385819093dbb32d36bd
  languageName: node
  linkType: hard

"minipass-pipeline@npm:^1.2.4":
  version: 1.2.4
  resolution: "minipass-pipeline@npm:1.2.4"
  dependencies:
    minipass: "npm:^3.0.0"
  checksum: 10c0/cbda57cea20b140b797505dc2cac71581a70b3247b84480c1fed5ca5ba46c25ecc25f68bfc9e6dcb1a6e9017dab5c7ada5eab73ad4f0a49d84e35093e0c643f2
  languageName: node
  linkType: hard

"minipass-sized@npm:^1.0.3":
  version: 1.0.3
  resolution: "minipass-sized@npm:1.0.3"
  dependencies:
    minipass: "npm:^3.0.0"
  checksum: 10c0/298f124753efdc745cfe0f2bdfdd81ba25b9f4e753ca4a2066eb17c821f25d48acea607dfc997633ee5bf7b6dfffb4eee4f2051eb168663f0b99fad2fa4829cb
  languageName: node
  linkType: hard

"minipass@npm:^3.0.0":
  version: 3.3.6
  resolution: "minipass@npm:3.3.6"
  dependencies:
    yallist: "npm:^4.0.0"
  checksum: 10c0/a114746943afa1dbbca8249e706d1d38b85ed1298b530f5808ce51f8e9e941962e2a5ad2e00eae7dd21d8a4aae6586a66d4216d1a259385e9d0358f0c1eba16c
  languageName: node
  linkType: hard

"minipass@npm:^7.0.2, minipass@npm:^7.0.3, minipass@npm:^7.0.4, minipass@npm:^7.1.2":
  version: 7.1.2
  resolution: "minipass@npm:7.1.2"
  checksum: 10c0/b0fd20bb9fb56e5fa9a8bfac539e8915ae07430a619e4b86ff71f5fc757ef3924b23b2c4230393af1eda647ed3d75739e4e0acb250a6b1eb277cf7f8fe449557
  languageName: node
  linkType: hard

"minizlib@npm:^3.0.1, minizlib@npm:^3.1.0":
  version: 3.1.0
  resolution: "minizlib@npm:3.1.0"
  dependencies:
    minipass: "npm:^7.1.2"
  checksum: 10c0/5aad75ab0090b8266069c9aabe582c021ae53eb33c6c691054a13a45db3b4f91a7fb1bd79151e6b4e9e9a86727b522527c0a06ec7d45206b745d54cd3097bcec
  languageName: node
  linkType: hard

"ms@npm:^2.1.3":
  version: 2.1.3
  resolution: "ms@npm:2.1.3"
  checksum: 10c0/d924b57e7312b3b63ad21fc5b3dc0af5e78d61a1fc7cfb5457edaf26326bf62be5307cc87ffb6862ef1c2b33b0233cdb5d4f01c4c958cc0d660948b65a287a48
  languageName: node
  linkType: hard

"negotiator@npm:^1.0.0":
  version: 1.0.0
  resolution: "negotiator@npm:1.0.0"
  checksum: 10c0/4c559dd52669ea48e1914f9d634227c561221dd54734070791f999c52ed0ff36e437b2e07d5c1f6e32909fc625fe46491c16e4a8f0572567d4dd15c3a4fda04b
  languageName: node
  linkType: hard

"node-addon-api@npm:^7.0.0":
  version: 7.1.1
  resolution: "node-addon-api@npm:7.1.1"
  dependencies:
    node-gyp: "npm:latest"
  checksum: 10c0/fb32a206276d608037fa1bcd7e9921e177fe992fc610d098aa3128baca3c0050fc1e014fa007e9b3874cf865ddb4f5bd9f43ccb7cbbbe4efaff6a83e920b17e9
  languageName: node
  linkType: hard

"node-gyp@npm:latest":
  version: 12.2.0
  resolution: "node-gyp@npm:12.2.0"
  dependencies:
    env-paths: "npm:^2.2.0"
    exponential-backoff: "npm:^3.1.1"
    graceful-fs: "npm:^4.2.6"
    make-fetch-happen: "npm:^15.0.0"
    nopt: "npm:^9.0.0"
    proc-log: "npm:^6.0.0"
    semver: "npm:^7.3.5"
    tar: "npm:^7.5.4"
    tinyglobby: "npm:^0.2.12"
    which: "npm:^6.0.0"
  bin:
    node-gyp: bin/node-gyp.js
  checksum: 10c0/3ed046746a5a7d90950cd8b0547332b06598443f31fe213ef4332a7174c7b7d259e1704835feda79b87d3f02e59d7791842aac60642ede4396ab25fdf0f8f759
  languageName: node
  linkType: hard

"nopt@npm:^9.0.0":
  version: 9.0.0
  resolution: "nopt@npm:9.0.0"
  dependencies:
    abbrev: "npm:^4.0.0"
  bin:
    nopt: bin/nopt.js
  checksum: 10c0/1822eb6f9b020ef6f7a7516d7b64a8036e09666ea55ac40416c36e4b2b343122c3cff0e2f085675f53de1d2db99a2a89a60ccea1d120bcd6a5347bf6ceb4a7fd
  languageName: node
  linkType: hard

"p-map@npm:^7.0.2":
  version: 7.0.4
  resolution: "p-map@npm:7.0.4"
  checksum: 10c0/a5030935d3cb2919d7e89454d1ce82141e6f9955413658b8c9403cfe379283770ed3048146b44cde168aa9e8c716505f196d5689db0ae3ce9a71521a2fef3abd
  languageName: node
  linkType: hard

"path-scurry@npm:^2.0.0":
  version: 2.0.1
  resolution: "path-scurry@npm:2.0.1"
  dependencies:
    lru-cache: "npm:^11.0.0"
    minipass: "npm:^7.1.2"
  checksum: 10c0/2a16ed0e81fbc43513e245aa5763354e25e787dab0d539581a6c3f0f967461a159ed6236b2559de23aa5b88e7dc32b469b6c47568833dd142a4b24b4f5cd2620
  languageName: node
  linkType: hard

"picomatch@npm:^2.3.1":
  version: 2.3.1
  resolution: "picomatch@npm:2.3.1"
  checksum: 10c0/26c02b8d06f03206fc2ab8d16f19960f2ff9e81a658f831ecb656d8f17d9edc799e8364b1f4a7873e89d9702dff96204be0fa26fe4181f6843f040f819dac4be
  languageName: node
  linkType: hard

"picomatch@npm:^4.0.3":
  version: 4.0.3
  resolution: "picomatch@npm:4.0.3"
  checksum: 10c0/9582c951e95eebee5434f59e426cddd228a7b97a0161a375aed4be244bd3fe8e3a31b846808ea14ef2c8a2527a6eeab7b3946a67d5979e81694654f939473ae2
  languageName: node
  linkType: hard

"proc-log@npm:^6.0.0":
  version: 6.1.0
  resolution: "proc-log@npm:6.1.0"
  checksum: 10c0/4f178d4062733ead9d71a9b1ab24ebcecdfe2250916a5b1555f04fe2eda972a0ec76fbaa8df1ad9c02707add6749219d118a4fc46dc56bdfe4dde4b47d80bb82
  languageName: node
  linkType: hard

"promise-retry@npm:^2.0.1":
  version: 2.0.1
  resolution: "promise-retry@npm:2.0.1"
  dependencies:
    err-code: "npm:^2.0.2"
    retry: "npm:^0.12.0"
  checksum: 10c0/9c7045a1a2928094b5b9b15336dcd2a7b1c052f674550df63cc3f36cd44028e5080448175b6f6ca32b642de81150f5e7b1a98b728f15cb069f2dd60ac2616b96
  languageName: node
  linkType: hard

"rails_api_base@workspace:.":
  version: 0.0.0-use.local
  resolution: "rails_api_base@workspace:."
  dependencies:
    "@activeadmin/activeadmin": "npm:3.4.0"
    "@fortawesome/fontawesome-free": "npm:7.1.0"
    arctic_admin: "npm:4.3.3"
    esbuild: "npm:0.27.3"
    jquery: "npm:4.0.0"
    jquery-ui: "npm:1.14.2"
    jquery-ujs: "npm:1.2.3"
    sass: "npm:^1.97.3"
  languageName: unknown
  linkType: soft

"readdirp@npm:^4.0.1":
  version: 4.0.2
  resolution: "readdirp@npm:4.0.2"
  checksum: 10c0/a16ecd8ef3286dcd90648c3b103e3826db2b766cdb4a988752c43a83f683d01c7059158d623cbcd8bdfb39e65d302d285be2d208e7d9f34d022d912b929217dd
  languageName: node
  linkType: hard

"retry@npm:^0.12.0":
  version: 0.12.0
  resolution: "retry@npm:0.12.0"
  checksum: 10c0/59933e8501727ba13ad73ef4a04d5280b3717fd650408460c987392efe9d7be2040778ed8ebe933c5cbd63da3dcc37919c141ef8af0a54a6e4fca5a2af177bfe
  languageName: node
  linkType: hard

"safer-buffer@npm:>= 2.1.2 < 3.0.0":
  version: 2.1.2
  resolution: "safer-buffer@npm:2.1.2"
  checksum: 10c0/7e3c8b2e88a1841c9671094bbaeebd94448111dd90a81a1f606f3f67708a6ec57763b3b47f06da09fc6054193e0e6709e77325415dc8422b04497a8070fa02d4
  languageName: node
  linkType: hard

"sass@npm:^1.97.3":
  version: 1.97.3
  resolution: "sass@npm:1.97.3"
  dependencies:
    "@parcel/watcher": "npm:^2.4.1"
    chokidar: "npm:^4.0.0"
    immutable: "npm:^5.0.2"
    source-map-js: "npm:>=0.6.2 <2.0.0"
  dependenciesMeta:
    "@parcel/watcher":
      optional: true
  bin:
    sass: sass.js
  checksum: 10c0/67f6b5d220f20c1c23a8b16dda5fd1c5d119ad5caf8195b185d553b5b239fb188a3787f04fc00171c62515f2c4e5e0eb5ad4992a80f8543428556883c1240ba3
  languageName: node
  linkType: hard

"semver@npm:^7.3.5":
  version: 7.6.3
  resolution: "semver@npm:7.6.3"
  bin:
    semver: bin/semver.js
  checksum: 10c0/88f33e148b210c153873cb08cfe1e281d518aaa9a666d4d148add6560db5cd3c582f3a08ccb91f38d5f379ead256da9931234ed122057f40bb5766e65e58adaf
  languageName: node
  linkType: hard

"smart-buffer@npm:^4.2.0":
  version: 4.2.0
  resolution: "smart-buffer@npm:4.2.0"
  checksum: 10c0/a16775323e1404dd43fabafe7460be13a471e021637bc7889468eb45ce6a6b207261f454e4e530a19500cc962c4cc5348583520843b363f4193cee5c00e1e539
  languageName: node
  linkType: hard

"socks-proxy-agent@npm:^8.0.3":
  version: 8.0.4
  resolution: "socks-proxy-agent@npm:8.0.4"
  dependencies:
    agent-base: "npm:^7.1.1"
    debug: "npm:^4.3.4"
    socks: "npm:^2.8.3"
  checksum: 10c0/345593bb21b95b0508e63e703c84da11549f0a2657d6b4e3ee3612c312cb3a907eac10e53b23ede3557c6601d63252103494caa306b66560f43af7b98f53957a
  languageName: node
  linkType: hard

"socks@npm:^2.8.3":
  version: 2.8.3
  resolution: "socks@npm:2.8.3"
  dependencies:
    ip-address: "npm:^9.0.5"
    smart-buffer: "npm:^4.2.0"
  checksum: 10c0/d54a52bf9325165770b674a67241143a3d8b4e4c8884560c4e0e078aace2a728dffc7f70150660f51b85797c4e1a3b82f9b7aa25e0a0ceae1a243365da5c51a7
  languageName: node
  linkType: hard

"source-map-js@npm:>=0.6.2 <2.0.0":
  version: 1.2.0
  resolution: "source-map-js@npm:1.2.0"
  checksum: 10c0/7e5f896ac10a3a50fe2898e5009c58ff0dc102dcb056ed27a354623a0ece8954d4b2649e1a1b2b52ef2e161d26f8859c7710350930751640e71e374fe2d321a4
  languageName: node
  linkType: hard

"sprintf-js@npm:^1.1.3":
  version: 1.1.3
  resolution: "sprintf-js@npm:1.1.3"
  checksum: 10c0/09270dc4f30d479e666aee820eacd9e464215cdff53848b443964202bf4051490538e5dd1b42e1a65cf7296916ca17640aebf63dae9812749c7542ee5f288dec
  languageName: node
  linkType: hard

"ssri@npm:^13.0.0":
  version: 13.0.0
  resolution: "ssri@npm:13.0.0"
  dependencies:
    minipass: "npm:^7.0.3"
  checksum: 10c0/405f3a531cd98b013cecb355d63555dca42fd12c7bc6671738aaa9a82882ff41cdf0ef9a2b734ca4f9a760338f114c29d01d9238a65db3ccac27929bd6e6d4b2
  languageName: node
  linkType: hard

"tar@npm:^7.5.4":
  version: 7.5.7
  resolution: "tar@npm:7.5.7"
  dependencies:
    "@isaacs/fs-minipass": "npm:^4.0.0"
    chownr: "npm:^3.0.0"
    minipass: "npm:^7.1.2"
    minizlib: "npm:^3.1.0"
    yallist: "npm:^5.0.0"
  checksum: 10c0/51f261afc437e1112c3e7919478d6176ea83f7f7727864d8c2cce10f0b03a631d1911644a567348c3063c45abdae39718ba97abb073d22aa3538b9a53ae1e31c
  languageName: node
  linkType: hard

"tinyglobby@npm:^0.2.12":
  version: 0.2.15
  resolution: "tinyglobby@npm:0.2.15"
  dependencies:
    fdir: "npm:^6.5.0"
    picomatch: "npm:^4.0.3"
  checksum: 10c0/869c31490d0d88eedb8305d178d4c75e7463e820df5a9b9d388291daf93e8b1eb5de1dad1c1e139767e4269fe75f3b10d5009b2cc14db96ff98986920a186844
  languageName: node
  linkType: hard

"to-regex-range@npm:^5.0.1":
  version: 5.0.1
  resolution: "to-regex-range@npm:5.0.1"
  dependencies:
    is-number: "npm:^7.0.0"
  checksum: 10c0/487988b0a19c654ff3e1961b87f471702e708fa8a8dd02a298ef16da7206692e8552a0250e8b3e8759270f62e9d8314616f6da274734d3b558b1fc7b7724e892
  languageName: node
  linkType: hard

"unique-filename@npm:^5.0.0":
  version: 5.0.0
  resolution: "unique-filename@npm:5.0.0"
  dependencies:
    unique-slug: "npm:^6.0.0"
  checksum: 10c0/afb897e9cf4c2fb622ea716f7c2bb462001928fc5f437972213afdf1cc32101a230c0f1e9d96fc91ee5185eca0f2feb34127145874975f347be52eb91d6ccc2c
  languageName: node
  linkType: hard

"unique-slug@npm:^6.0.0":
  version: 6.0.0
  resolution: "unique-slug@npm:6.0.0"
  dependencies:
    imurmurhash: "npm:^0.1.4"
  checksum: 10c0/da7ade4cb04eb33ad0499861f82fe95ce9c7c878b7139dc54d140ecfb6a6541c18a5c8dac16188b8b379fe62c0c1f1b710814baac910cde5f4fec06212126c6a
  languageName: node
  linkType: hard

"which@npm:^6.0.0":
  version: 6.0.0
  resolution: "which@npm:6.0.0"
  dependencies:
    isexe: "npm:^3.1.1"
  bin:
    node-which: bin/which.js
  checksum: 10c0/fe9d6463fe44a76232bb6e3b3181922c87510a5b250a98f1e43a69c99c079b3f42ddeca7e03d3e5f2241bf2d334f5a7657cfa868b97c109f3870625842f4cc15
  languageName: node
  linkType: hard

"yallist@npm:^4.0.0":
  version: 4.0.0
  resolution: "yallist@npm:4.0.0"
  checksum: 10c0/2286b5e8dbfe22204ab66e2ef5cc9bbb1e55dfc873bbe0d568aa943eb255d131890dfd5bf243637273d31119b870f49c18fcde2c6ffbb7a7a092b870dc90625a
  languageName: node
  linkType: hard

"yallist@npm:^5.0.0":
  version: 5.0.0
  resolution: "yallist@npm:5.0.0"
  checksum: 10c0/a499c81ce6d4a1d260d4ea0f6d49ab4da09681e32c3f0472dee16667ed69d01dae63a3b81745a24bd78476ec4fcf856114cb4896ace738e01da34b2c42235416
  languageName: node
  linkType: hard
